
Microsoft Visual Studio Solution File, Format Version 12.00
# Visual Studio 15
VisualStudioVersion = 15.0.28010.2046
MinimumVisualStudioVersion = 10.0.40219.1
Project("{FAE04EC0-301F-11D3-BF4B-00C04F79EFBC}") = "UsersAndAwards.PL.WinForm", "UsersAndAwards.PL.WinForm\UsersAndAwards.PL.WinForm.csproj", "{1266A93F-01B8-489E-A8FA-A9C3B0697EC0}"
EndProject
Project("{FAE04EC0-301F-11D3-BF4B-00C04F79EFBC}") = "UsersAndAwards.BLL", "UsersAndAwards.BLL\UsersAndAwards.BLL.csproj", "{F3C90D28-6F9B-41E7-A8D2-3582630553BC}"
EndProject
Project("{FAE04EC0-301F-11D3-BF4B-00C04F79EFBC}") = "UsersAndAwards.DAL", "UsersAndAwards.DAL.DataBase\UsersAndAwards.DAL.csproj", "{F6DA67D4-0927-4949-B8A2-34A3CF993C57}"
EndProject
Project("{2150E333-8FDC-42A3-9474-1A3956D46DE8}") = "BLL", "BLL", "{30B9F6C6-FAC3-435B-868D-231D0DC0F9D1}"
EndProject
Project("{2150E333-8FDC-42A3-9474-1A3956D46DE8}") = "DAL", "DAL", "{16F62FE5-8151-4E7F-B0FE-823F6767692A}"
EndProject
Project("{2150E333-8FDC-42A3-9474-1A3956D46DE8}") = "PL", "PL", "{0BE78130-8FD8-4A6C-B41E-E2D86A87767E}"
EndProject
Project("{FAE04EC0-301F-11D3-BF4B-00C04F79EFBC}") = "Entities", "Entities\Entities.csproj", "{7B8A55A1-6535-482F-A62F-D738A270BB8D}"
EndProject
Project("{2150E333-8FDC-42A3-9474-1A3956D46DE8}") = "Common", "Common", "{F3DA855D-3C2A-4B92-8397-F5455058CB99}"
EndProject
Global
	GlobalSection(SolutionConfigurationPlatforms) = preSolution
		Debug|Any CPU = Debug|Any CPU
		Release|Any CPU = Release|Any CPU
	EndGlobalSection
	GlobalSection(ProjectConfigurationPlatforms) = postSolution
		{1266A93F-01B8-489E-A8FA-A9C3B0697EC0}.Debug|Any CPU.ActiveCfg = Debug|Any CPU
		{1266A93F-01B8-489E-A8FA-A9C3B0697EC0}.Debug|Any CPU.Build.0 = Debug|Any CPU
		{1266A93F-01B8-489E-A8FA-A9C3B0697EC0}.Release|Any CPU.ActiveCfg = Release|Any CPU
		{1266A93F-01B8-489E-A8FA-A9C3B0697EC0}.Release|Any CPU.Build.0 = Release|Any CPU
		{F3C90D28-6F9B-41E7-A8D2-3582630553BC}.Debug|Any CPU.ActiveCfg = Debug|Any CPU
		{F3C90D28-6F9B-41E7-A8D2-3582630553BC}.Debug|Any CPU.Build.0 = Debug|Any CPU
		{F3C90D28-6F9B-41E7-A8D2-3582630553BC}.Release|Any CPU.ActiveCfg = Release|Any CPU
		{F3C90D28-6F9B-41E7-A8D2-3582630553BC}.Release|Any CPU.Build.0 = Release|Any CPU
		{F6DA67D4-0927-4949-B8A2-34A3CF993C57}.Debug|Any CPU.ActiveCfg = Debug|Any CPU
		{F6DA67D4-0927-4949-B8A2-34A3CF993C57}.Debug|Any CPU.Build.0 = Debug|Any CPU
		{F6DA67D4-0927-4949-B8A2-34A3CF993C57}.Release|Any CPU.ActiveCfg = Release|Any CPU
		{F6DA67D4-0927-4949-B8A2-34A3CF993C57}.Release|Any CPU.Build.0 = Release|Any CPU
		{7B8A55A1-6535-482F-A62F-D738A270BB8D}.Debug|Any CPU.ActiveCfg = Debug|Any CPU
		{7B8A55A1-6535-482F-A62F-D738A270BB8D}.Debug|Any CPU.Build.0 = Debug|Any CPU
		{7B8A55A1-6535-482F-A62F-D738A270BB8D}.Release|Any CPU.ActiveCfg = Release|Any CPU
		{7B8A55A1-6535-482F-A62F-D738A270BB8D}.Release|Any CPU.Build.0 = Release|Any CPU
	EndGlobalSection
	GlobalSection(SolutionProperties) = preSolution
		HideSolutionNode = FALSE
	EndGlobalSection
	GlobalSection(NestedProjects) = preSolution
		{1266A93F-01B8-489E-A8FA-A9C3B0697EC0} = {0BE78130-8FD8-4A6C-B41E-E2D86A87767E}
		{F3C90D28-6F9B-41E7-A8D2-3582630553BC} = {30B9F6C6-FAC3-435B-868D-231D0DC0F9D1}
		{F6DA67D4-0927-4949-B8A2-34A3CF993C57} = {16F62FE5-8151-4E7F-B0FE-823F6767692A}
		{7B8A55A1-6535-482F-A62F-D738A270BB8D} = {F3DA855D-3C2A-4B92-8397-F5455058CB99}
	EndGlobalSection
	GlobalSection(ExtensibilityGlobals) = postSolution
		SolutionGuid = {B2C30517-47E5-4D8F-A4BC-92A6480EFF1D}
	EndGlobalSection
EndGlobal
