
Microsoft Visual Studio Solution File, Format Version 12.00
# Visual Studio 15
VisualStudioVersion = 15.0.28307.106
MinimumVisualStudioVersion = 10.0.40219.1
Project("{FAE04EC0-301F-11D3-BF4B-00C04F79EFBC}") = "Medvedev_Grigory_Snake", "Medvedev_Grigory_Snake\Medvedev_Grigory_Snake.csproj", "{6067D0E7-9D89-4554-A18B-094576BDF9FF}"
EndProject
Global
	GlobalSection(SolutionConfigurationPlatforms) = preSolution
		Debug|Any CPU = Debug|Any CPU
		Release|Any CPU = Release|Any CPU
	EndGlobalSection
	GlobalSection(ProjectConfigurationPlatforms) = postSolution
		{6067D0E7-9D89-4554-A18B-094576BDF9FF}.Debug|Any CPU.ActiveCfg = Debug|Any CPU
		{6067D0E7-9D89-4554-A18B-094576BDF9FF}.Debug|Any CPU.Build.0 = Debug|Any CPU
		{6067D0E7-9D89-4554-A18B-094576BDF9FF}.Release|Any CPU.ActiveCfg = Release|Any CPU
		{6067D0E7-9D89-4554-A18B-094576BDF9FF}.Release|Any CPU.Build.0 = Release|Any CPU
	EndGlobalSection
	GlobalSection(SolutionProperties) = preSolution
		HideSolutionNode = FALSE
	EndGlobalSection
	GlobalSection(ExtensibilityGlobals) = postSolution
		SolutionGuid = {BFE30D87-7171-4CCC-9AB5-3E28DE077C36}
	EndGlobalSection
EndGlobal
