
Microsoft Visual Studio Solution File, Format Version 12.00
# Visual Studio 15
VisualStudioVersion = 15.0.28010.2046
MinimumVisualStudioVersion = 10.0.40219.1
Project("{FAE04EC0-301F-11D3-BF4B-00C04F79EFBC}") = "Task1", "Task1\Task1.csproj", "{080E2C2D-487E-4F73-8DEB-59ABA4ADE11A}"
EndProject
Project("{FAE04EC0-301F-11D3-BF4B-00C04F79EFBC}") = "Task2", "Task2\Task2.csproj", "{AC19E787-9944-4ACD-8D0B-76201F269793}"
EndProject
Global
	GlobalSection(SolutionConfigurationPlatforms) = preSolution
		Debug|Any CPU = Debug|Any CPU
		Release|Any CPU = Release|Any CPU
	EndGlobalSection
	GlobalSection(ProjectConfigurationPlatforms) = postSolution
		{080E2C2D-487E-4F73-8DEB-59ABA4ADE11A}.Debug|Any CPU.ActiveCfg = Debug|Any CPU
		{080E2C2D-487E-4F73-8DEB-59ABA4ADE11A}.Debug|Any CPU.Build.0 = Debug|Any CPU
		{080E2C2D-487E-4F73-8DEB-59ABA4ADE11A}.Release|Any CPU.ActiveCfg = Release|Any CPU
		{080E2C2D-487E-4F73-8DEB-59ABA4ADE11A}.Release|Any CPU.Build.0 = Release|Any CPU
		{AC19E787-9944-4ACD-8D0B-76201F269793}.Debug|Any CPU.ActiveCfg = Debug|Any CPU
		{AC19E787-9944-4ACD-8D0B-76201F269793}.Debug|Any CPU.Build.0 = Debug|Any CPU
		{AC19E787-9944-4ACD-8D0B-76201F269793}.Release|Any CPU.ActiveCfg = Release|Any CPU
		{AC19E787-9944-4ACD-8D0B-76201F269793}.Release|Any CPU.Build.0 = Release|Any CPU
	EndGlobalSection
	GlobalSection(SolutionProperties) = preSolution
		HideSolutionNode = FALSE
	EndGlobalSection
	GlobalSection(ExtensibilityGlobals) = postSolution
		SolutionGuid = {201F9228-7A0B-4DE2-99CE-87B218A606E6}
	EndGlobalSection
EndGlobal
